
Microsoft Visual Studio Solution File, Format Version 12.00
# Visual Studio Version 17
VisualStudioVersion = 17.11.35327.3
MinimumVisualStudioVersion = 10.0.40219.1
Project("{FAE04EC0-301F-11D3-BF4B-00C04F79EFBC}") = "CodingTracker", "CodingTracker\CodingTracker.csproj", "{6F3BF633-87A9-4353-A6D1-BADFAF3FEEF4}"
EndProject
Global
	GlobalSection(SolutionConfigurationPlatforms) = preSolution
		Debug|Any CPU = Debug|Any CPU
		Release|Any CPU = Release|Any CPU
	EndGlobalSection
	GlobalSection(ProjectConfigurationPlatforms) = postSolution
		{6F3BF633-87A9-4353-A6D1-BADFAF3FEEF4}.Debug|Any CPU.ActiveCfg = Debug|Any CPU
		{6F3BF633-87A9-4353-A6D1-BADFAF3FEEF4}.Debug|Any CPU.Build.0 = Debug|Any CPU
		{6F3BF633-87A9-4353-A6D1-BADFAF3FEEF4}.Release|Any CPU.ActiveCfg = Release|Any CPU
		{6F3BF633-87A9-4353-A6D1-BADFAF3FEEF4}.Release|Any CPU.Build.0 = Release|Any CPU
	EndGlobalSection
	GlobalSection(SolutionProperties) = preSolution
		HideSolutionNode = FALSE
	EndGlobalSection
	GlobalSection(ExtensibilityGlobals) = postSolution
		SolutionGuid = {4DEFF050-81AC-4A62-9A77-1ACE8E86262F}
	EndGlobalSection
EndGlobal
